// !$*UTF8*$!
{
	archiveVersion = 1;
	classes = {
	};
	objectVersion = 46;
	objects = {

/* Begin PBXBuildFile section */
		00F183371646FDE600C05396 /* main.cpp in Sources */ = {isa = PBXBuildFile; fileRef = 00F183361646FDE600C05396 /* main.cpp */; };
		00F183391646FDE600C05396 /* RookieOOP.1 in CopyFiles */ = {isa = PBXBuildFile; fileRef = 00F183381646FDE600C05396 /* RookieOOP.1 */; };
		00F183421647003D00C05396 /* Quadrupedal.cpp in Sources */ = {isa = PBXBuildFile; fileRef = 00F183411647003D00C05396 /* Quadrupedal.cpp */; };
		00F183451647016B00C05396 /* Animal.cpp in Sources */ = {isa = PBXBuildFile; fileRef = 00F183441647016B00C05396 /* Animal.cpp */; };
		00F183471647025300C05396 /* Cat.cpp in Sources */ = {isa = PBXBuildFile; fileRef = 00F183461647025300C05396 /* Cat.cpp */; };
		00F1834A1647043A00C05396 /* Fish.cpp in Sources */ = {isa = PBXBuildFile; fileRef = 00F183491647043900C05396 /* Fish.cpp */; };
/* End PBXBuildFile section */

/* Begin PBXCopyFilesBuildPhase section */
		00F183301646FDE600C05396 /* CopyFiles */ = {
			isa = PBXCopyFilesBuildPhase;
			buildActionMask = 2147483647;
			dstPath = /usr/share/man/man1/;
			dstSubfolderSpec = 0;
			files = (
				00F183391646FDE600C05396 /* RookieOOP.1 in CopyFiles */,
			);
			runOnlyForDeploymentPostprocessing = 1;
		};
/* End PBXCopyFilesBuildPhase section */

/* Begin PBXFileReference section */
		00F183321646FDE600C05396 /* RookieOOP */ = {isa = PBXFileReference; explicitFileType = "compiled.mach-o.executable"; includeInIndex = 0; path = RookieOOP; sourceTree = BUILT_PRODUCTS_DIR; };
		00F183361646FDE600C05396 /* main.cpp */ = {isa = PBXFileReference; lastKnownFileType = sourcecode.cpp.cpp; path = main.cpp; sourceTree = "<group>"; };
		00F183381646FDE600C05396 /* RookieOOP.1 */ = {isa = PBXFileReference; lastKnownFileType = text.man; path = RookieOOP.1; sourceTree = "<group>"; };
		00F1833F1646FDF200C05396 /* Animal.h */ = {isa = PBXFileReference; fileEncoding = 4; lastKnownFileType = sourcecode.c.h; path = Animal.h; sourceTree = "<group>"; };
		00F183401646FF9400C05396 /* Quadrupedal.h */ = {isa = PBXFileReference; fileEncoding = 4; lastKnownFileType = sourcecode.c.h; path = Quadrupedal.h; sourceTree = "<group>"; };
		00F183411647003D00C05396 /* Quadrupedal.cpp */ = {isa = PBXFileReference; fileEncoding = 4; lastKnownFileType = sourcecode.cpp.cpp; path = Quadrupedal.cpp; sourceTree = "<group>"; };
		00F183431647007400C05396 /* Cat.h */ = {isa = PBXFileReference; fileEncoding = 4; lastKnownFileType = sourcecode.c.h; path = Cat.h; sourceTree = "<group>"; };
		00F183441647016B00C05396 /* Animal.cpp */ = {isa = PBXFileReference; fileEncoding = 4; lastKnownFileType = sourcecode.cpp.cpp; path = Animal.cpp; sourceTree = "<group>"; };
		00F183461647025300C05396 /* Cat.cpp */ = {isa = PBXFileReference; fileEncoding = 4; lastKnownFileType = sourcecode.cpp.cpp; path = Cat.cpp; sourceTree = "<group>"; };
		00F18348164702EE00C05396 /* Fish.h */ = {isa = PBXFileReference; fileEncoding = 4; lastKnownFileType = sourcecode.c.h; path = Fish.h; sourceTree = "<group>"; };
		00F183491647043900C05396 /* Fish.cpp */ = {isa = PBXFileReference; fileEncoding = 4; lastKnownFileType = sourcecode.cpp.cpp; path = Fish.cpp; sourceTree = "<group>"; };
/* End PBXFileReference section */

/* Begin PBXFrameworksBuildPhase section */
		00F1832F1646FDE600C05396 /* Frameworks */ = {
			isa = PBXFrameworksBuildPhase;
			buildActionMask = 2147483647;
			files = (
			);
			runOnlyForDeploymentPostprocessing = 0;
		};
/* End PBXFrameworksBuildPhase section */

/* Begin PBXGroup section */
		00F183271646FDE600C05396 = {
			isa = PBXGroup;
			children = (
				00F183351646FDE600C05396 /* RookieOOP */,
				00F183331646FDE600C05396 /* Products */,
			);
			sourceTree = "<group>";
		};
		00F183331646FDE600C05396 /* Products */ = {
			isa = PBXGroup;
			children = (
				00F183321646FDE600C05396 /* RookieOOP */,
			);
			name = Products;
			sourceTree = "<group>";
		};
		00F183351646FDE600C05396 /* RookieOOP */ = {
			isa = PBXGroup;
			children = (
				00F183361646FDE600C05396 /* main.cpp */,
				00F183381646FDE600C05396 /* RookieOOP.1 */,
				00F1833F1646FDF200C05396 /* Animal.h */,
				00F18348164702EE00C05396 /* Fish.h */,
				00F183491647043900C05396 /* Fish.cpp */,
				00F183461647025300C05396 /* Cat.cpp */,
				00F183441647016B00C05396 /* Animal.cpp */,
				00F183401646FF9400C05396 /* Quadrupedal.h */,
				00F183431647007400C05396 /* Cat.h */,
				00F183411647003D00C05396 /* Quadrupedal.cpp */,
			);
			path = RookieOOP;
			sourceTree = "<group>";
		};
/* End PBXGroup section */

/* Begin PBXNativeTarget section */
		00F183311646FDE600C05396 /* RookieOOP */ = {
			isa = PBXNativeTarget;
			buildConfigurationList = 00F1833C1646FDE600C05396 /* Build configuration list for PBXNativeTarget "RookieOOP" */;
			buildPhases = (
				00F1832E1646FDE600C05396 /* Sources */,
				00F1832F1646FDE600C05396 /* Frameworks */,
				00F183301646FDE600C05396 /* CopyFiles */,
			);
			buildRules = (
			);
			dependencies = (
			);
			name = RookieOOP;
			productName = RookieOOP;
			productReference = 00F183321646FDE600C05396 /* RookieOOP */;
			productType = "com.apple.product-type.tool";
		};
/* End PBXNativeTarget section */

/* Begin PBXProject section */
		00F183291646FDE600C05396 /* Project object */ = {
			isa = PBXProject;
			attributes = {
				LastUpgradeCheck = 0420;
			};
			buildConfigurationList = 00F1832C1646FDE600C05396 /* Build configuration list for PBXProject "RookieOOP" */;
			compatibilityVersion = "Xcode 3.2";
			developmentRegion = English;
			hasScannedForEncodings = 0;
			knownRegions = (
				en,
			);
			mainGroup = 00F183271646FDE600C05396;
			productRefGroup = 00F183331646FDE600C05396 /* Products */;
			projectDirPath = "";
			projectRoot = "";
			targets = (
				00F183311646FDE600C05396 /* RookieOOP */,
			);
		};
/* End PBXProject section */

/* Begin PBXSourcesBuildPhase section */
		00F1832E1646FDE600C05396 /* Sources */ = {
			isa = PBXSourcesBuildPhase;
			buildActionMask = 2147483647;
			files = (
				00F183371646FDE600C05396 /* main.cpp in Sources */,
				00F183421647003D00C05396 /* Quadrupedal.cpp in Sources */,
				00F183451647016B00C05396 /* Animal.cpp in Sources */,
				00F183471647025300C05396 /* Cat.cpp in Sources */,
				00F1834A1647043A00C05396 /* Fish.cpp in Sources */,
			);
			runOnlyForDeploymentPostprocessing = 0;
		};
/* End PBXSourcesBuildPhase section */

/* Begin XCBuildConfiguration section */
		00F1833A1646FDE600C05396 /* Debug */ = {
			isa = XCBuildConfiguration;
			buildSettings = {
				ALWAYS_SEARCH_USER_PATHS = NO;
				ARCHS = "$(ARCHS_STANDARD_64_BIT)";
				CLANG_ENABLE_OBJC_ARC = YES;
				COPY_PHASE_STRIP = NO;
				GCC_C_LANGUAGE_STANDARD = gnu99;
				GCC_DYNAMIC_NO_PIC = NO;
				GCC_ENABLE_OBJC_EXCEPTIONS = YES;
				GCC_OPTIMIZATION_LEVEL = 0;
				GCC_PREPROCESSOR_DEFINITIONS = (
					"DEBUG=1",
					"$(inherited)",
				);
				GCC_SYMBOLS_PRIVATE_EXTERN = NO;
				GCC_VERSION = com.apple.compilers.llvm.clang.1_0;
				GCC_WARN_64_TO_32_BIT_CONVERSION = YES;
				GCC_WARN_ABOUT_MISSING_PROTOTYPES = YES;
				GCC_WARN_ABOUT_RETURN_TYPE = YES;
				GCC_WARN_UNUSED_VARIABLE = YES;
				MACOSX_DEPLOYMENT_TARGET = 10.7;
				ONLY_ACTIVE_ARCH = YES;
				SDKROOT = macosx;
			};
			name = Debug;
		};
		00F1833B1646FDE600C05396 /* Release */ = {
			isa = XCBuildConfiguration;
			buildSettings = {
				ALWAYS_SEARCH_USER_PATHS = NO;
				ARCHS = "$(ARCHS_STANDARD_64_BIT)";
				CLANG_ENABLE_OBJC_ARC = YES;
				COPY_PHASE_STRIP = YES;
				DEBUG_INFORMATION_FORMAT = "dwarf-with-dsym";
				GCC_C_LANGUAGE_STANDARD = gnu99;
				GCC_ENABLE_OBJC_EXCEPTIONS = YES;
				GCC_VERSION = com.apple.compilers.llvm.clang.1_0;
				GCC_WARN_64_TO_32_BIT_CONVERSION = YES;
				GCC_WARN_ABOUT_MISSING_PROTOTYPES = YES;
				GCC_WARN_ABOUT_RETURN_TYPE = YES;
				GCC_WARN_UNUSED_VARIABLE = YES;
				MACOSX_DEPLOYMENT_TARGET = 10.7;
				SDKROOT = macosx;
			};
			name = Release;
		};
		00F1833D1646FDE600C05396 /* Debug */ = {
			isa = XCBuildConfiguration;
			buildSettings = {
				PRODUCT_NAME = "$(TARGET_NAME)";
			};
			name = Debug;
		};
		00F1833E1646FDE600C05396 /* Release */ = {
			isa = XCBuildConfiguration;
			buildSettings = {
				PRODUCT_NAME = "$(TARGET_NAME)";
			};
			name = Release;
		};
/* End XCBuildConfiguration section */

/* Begin XCConfigurationList section */
		00F1832C1646FDE600C05396 /* Build configuration list for PBXProject "RookieOOP" */ = {
			isa = XCConfigurationList;
			buildConfigurations = (
				00F1833A1646FDE600C05396 /* Debug */,
				00F1833B1646FDE600C05396 /* Release */,
			);
			defaultConfigurationIsVisible = 0;
			defaultConfigurationName = Release;
		};
		00F1833C1646FDE600C05396 /* Build configuration list for PBXNativeTarget "RookieOOP" */ = {
			isa = XCConfigurationList;
			buildConfigurations = (
				00F1833D1646FDE600C05396 /* Debug */,
				00F1833E1646FDE600C05396 /* Release */,
			);
			defaultConfigurationIsVisible = 0;
		};
/* End XCConfigurationList section */
	};
	rootObject = 00F183291646FDE600C05396 /* Project object */;
}
